// !$*UTF8*$!
{
	archiveVersion = 1;
	classes = {
	};
	objectVersion = 46;
	objects = {

/* Begin PBXBuildFile section */
		3CB05E34639B569DA221F47E /* Pods_FollowMeUITests.framework in Frameworks */ = {isa = PBXBuildFile; fileRef = 6279B7F0419CC23C7AF4C56D /* Pods_FollowMeUITests.framework */; };
		4919E1EA1EE5CB590022F44D /* main.m in Sources */ = {isa = PBXBuildFile; fileRef = 4919E1E91EE5CB590022F44D /* main.m */; };
		4919E1ED1EE5CB590022F44D /* AppDelegate.m in Sources */ = {isa = PBXBuildFile; fileRef = 4919E1EC1EE5CB590022F44D /* AppDelegate.m */; };
		4919E1F01EE5CB590022F44D /* PathViewController.m in Sources */ = {isa = PBXBuildFile; fileRef = 4919E1EF1EE5CB590022F44D /* PathViewController.m */; };
		4919E1F31EE5CB590022F44D /* Main.storyboard in Resources */ = {isa = PBXBuildFile; fileRef = 4919E1F11EE5CB590022F44D /* Main.storyboard */; };
		4919E1F61EE5CB590022F44D /* FollowMe.xcdatamodeld in Sources */ = {isa = PBXBuildFile; fileRef = 4919E1F41EE5CB590022F44D /* FollowMe.xcdatamodeld */; };
		4919E1F81EE5CB590022F44D /* Assets.xcassets in Resources */ = {isa = PBXBuildFile; fileRef = 4919E1F71EE5CB590022F44D /* Assets.xcassets */; };
		4919E1FB1EE5CB590022F44D /* LaunchScreen.storyboard in Resources */ = {isa = PBXBuildFile; fileRef = 4919E1F91EE5CB590022F44D /* LaunchScreen.storyboard */; };
		4919E2061EE5CB5A0022F44D /* FollowMeTests.m in Sources */ = {isa = PBXBuildFile; fileRef = 4919E2051EE5CB5A0022F44D /* FollowMeTests.m */; };
		4919E2111EE5CB5A0022F44D /* FollowMeUITests.m in Sources */ = {isa = PBXBuildFile; fileRef = 4919E2101EE5CB5A0022F44D /* FollowMeUITests.m */; };
		4919E2211EE5D1930022F44D /* MapApi.swift in Sources */ = {isa = PBXBuildFile; fileRef = 4919E2201EE5D1930022F44D /* MapApi.swift */; };
		4919E2241EE5E1A40022F44D /* LocationDelegate.m in Sources */ = {isa = PBXBuildFile; fileRef = 4919E2231EE5E1A40022F44D /* LocationDelegate.m */; };
		4919E22E1EE5F1560022F44D /* NSString+StringExtensions_m.m in Sources */ = {isa = PBXBuildFile; fileRef = 4919E22D1EE5F1560022F44D /* NSString+StringExtensions_m.m */; };
		492DD7E81EE74268007671AE /* LocationUpdatedInteractor.swift in Sources */ = {isa = PBXBuildFile; fileRef = 492DD7E71EE74268007671AE /* LocationUpdatedInteractor.swift */; };
		494C431B1EE97F01002BE916 /* RouteTests.swift in Sources */ = {isa = PBXBuildFile; fileRef = 494C431A1EE97F01002BE916 /* RouteTests.swift */; };
		494C43421EE9E1BF002BE916 /* RandomGeneratable.swift in Sources */ = {isa = PBXBuildFile; fileRef = 494C43411EE9E1BF002BE916 /* RandomGeneratable.swift */; };
		494C43461EEA017A002BE916 /* RouteInteractor.swift in Sources */ = {isa = PBXBuildFile; fileRef = 494C43451EEA017A002BE916 /* RouteInteractor.swift */; };
		4968CBDB1EE7629500A94D61 /* Common.swift in Sources */ = {isa = PBXBuildFile; fileRef = 4968CBDA1EE7629500A94D61 /* Common.swift */; };
		497748BD1EE74F0700A50CD9 /* Localizable.strings in Resources */ = {isa = PBXBuildFile; fileRef = 497748BC1EE74F0700A50CD9 /* Localizable.strings */; };
		498D60F91EE8A55600404001 /* SerializableRoute.swift in Sources */ = {isa = PBXBuildFile; fileRef = 498D60F81EE8A55600404001 /* SerializableRoute.swift */; };
		498F8A941EE8757D0002F2EF /* LocationTrackingInteractor.swift in Sources */ = {isa = PBXBuildFile; fileRef = 498F8A931EE8757D0002F2EF /* LocationTrackingInteractor.swift */; };
		49B8AB5F1EE5F36600376D16 /* NSArray+ArrayExtensions.m in Sources */ = {isa = PBXBuildFile; fileRef = 49B8AB5E1EE5F36600376D16 /* NSArray+ArrayExtensions.m */; };
		49FA46A21EE89EF700D8616E /* RoutesFileStore.swift in Sources */ = {isa = PBXBuildFile; fileRef = 49FA46A11EE89EF700D8616E /* RoutesFileStore.swift */; };
		49FA46A41EE89F2600D8616E /* Paths.swift in Sources */ = {isa = PBXBuildFile; fileRef = 49FA46A31EE89F2600D8616E /* Paths.swift */; };
		49FA46A61EE8A0D700D8616E /* DebugLog.swift in Sources */ = {isa = PBXBuildFile; fileRef = 49FA46A51EE8A0D700D8616E /* DebugLog.swift */; };
		49FA46A91EE8A2DF00D8616E /* Route.swift in Sources */ = {isa = PBXBuildFile; fileRef = 49FA46A81EE8A2DF00D8616E /* Route.swift */; };
		78634F96DA18BBC50ECE3812 /* Pods_FollowMeTests.framework in Frameworks */ = {isa = PBXBuildFile; fileRef = 2B5588E94DE8DFE5AB8A21C7 /* Pods_FollowMeTests.framework */; };
		98DF1EDA3BF9E000623EFDE1 /* Pods_FollowMe.framework in Frameworks */ = {isa = PBXBuildFile; fileRef = 7DF1D1A6D0DF0AD3B9525FEF /* Pods_FollowMe.framework */; };
/* End PBXBuildFile section */

/* Begin PBXContainerItemProxy section */
		4919E2021EE5CB590022F44D /* PBXContainerItemProxy */ = {
			isa = PBXContainerItemProxy;
			containerPortal = 4919E1DD1EE5CB590022F44D /* Project object */;
			proxyType = 1;
			remoteGlobalIDString = 4919E1E41EE5CB590022F44D;
			remoteInfo = FollowMe;
		};
		4919E20D1EE5CB5A0022F44D /* PBXContainerItemProxy */ = {
			isa = PBXContainerItemProxy;
			containerPortal = 4919E1DD1EE5CB590022F44D /* Project object */;
			proxyType = 1;
			remoteGlobalIDString = 4919E1E41EE5CB590022F44D;
			remoteInfo = FollowMe;
		};
/* End PBXContainerItemProxy section */

/* Begin PBXFileReference section */
		0827C5DAECE036C68EA6313B /* Pods-FollowMeTests.release.xcconfig */ = {isa = PBXFileReference; includeInIndex = 1; lastKnownFileType = text.xcconfig; name = "Pods-FollowMeTests.release.xcconfig"; path = "Pods/Target Support Files/Pods-FollowMeTests/Pods-FollowMeTests.release.xcconfig"; sourceTree = "<group>"; };
		1D389D41A3C34E2300CEBD17 /* Pods-FollowMeUITests.release.xcconfig */ = {isa = PBXFileReference; includeInIndex = 1; lastKnownFileType = text.xcconfig; name = "Pods-FollowMeUITests.release.xcconfig"; path = "Pods/Target Support Files/Pods-FollowMeUITests/Pods-FollowMeUITests.release.xcconfig"; sourceTree = "<group>"; };
		2B5588E94DE8DFE5AB8A21C7 /* Pods_FollowMeTests.framework */ = {isa = PBXFileReference; explicitFileType = wrapper.framework; includeInIndex = 0; path = Pods_FollowMeTests.framework; sourceTree = BUILT_PRODUCTS_DIR; };
		2E289B27C5833281FDD773FE /* Pods-FollowMeUITests.debug.xcconfig */ = {isa = PBXFileReference; includeInIndex = 1; lastKnownFileType = text.xcconfig; name = "Pods-FollowMeUITests.debug.xcconfig"; path = "Pods/Target Support Files/Pods-FollowMeUITests/Pods-FollowMeUITests.debug.xcconfig"; sourceTree = "<group>"; };
		3E17023DCA639E14D09DCE63 /* Pods-FollowMeTests.debug.xcconfig */ = {isa = PBXFileReference; includeInIndex = 1; lastKnownFileType = text.xcconfig; name = "Pods-FollowMeTests.debug.xcconfig"; path = "Pods/Target Support Files/Pods-FollowMeTests/Pods-FollowMeTests.debug.xcconfig"; sourceTree = "<group>"; };
		4919E1E51EE5CB590022F44D /* FollowMe.app */ = {isa = PBXFileReference; explicitFileType = wrapper.application; includeInIndex = 0; path = FollowMe.app; sourceTree = BUILT_PRODUCTS_DIR; };
		4919E1E91EE5CB590022F44D /* main.m */ = {isa = PBXFileReference; lastKnownFileType = sourcecode.c.objc; path = main.m; sourceTree = "<group>"; };
		4919E1EB1EE5CB590022F44D /* AppDelegate.h */ = {isa = PBXFileReference; lastKnownFileType = sourcecode.c.h; path = AppDelegate.h; sourceTree = "<group>"; };
		4919E1EC1EE5CB590022F44D /* AppDelegate.m */ = {isa = PBXFileReference; lastKnownFileType = sourcecode.c.objc; path = AppDelegate.m; sourceTree = "<group>"; };
		4919E1EE1EE5CB590022F44D /* PathViewController.h */ = {isa = PBXFileReference; lastKnownFileType = sourcecode.c.h; path = PathViewController.h; sourceTree = "<group>"; };
		4919E1EF1EE5CB590022F44D /* PathViewController.m */ = {isa = PBXFileReference; lastKnownFileType = sourcecode.c.objc; path = PathViewController.m; sourceTree = "<group>"; };
		4919E1F21EE5CB590022F44D /* Base */ = {isa = PBXFileReference; lastKnownFileType = file.storyboard; name = Base; path = Base.lproj/Main.storyboard; sourceTree = "<group>"; };
		4919E1F51EE5CB590022F44D /* FollowMe.xcdatamodel */ = {isa = PBXFileReference; lastKnownFileType = wrapper.xcdatamodel; path = FollowMe.xcdatamodel; sourceTree = "<group>"; };
		4919E1F71EE5CB590022F44D /* Assets.xcassets */ = {isa = PBXFileReference; lastKnownFileType = folder.assetcatalog; path = Assets.xcassets; sourceTree = "<group>"; };
		4919E1FA1EE5CB590022F44D /* Base */ = {isa = PBXFileReference; lastKnownFileType = file.storyboard; name = Base; path = Base.lproj/LaunchScreen.storyboard; sourceTree = "<group>"; };
		4919E1FC1EE5CB590022F44D /* Info.plist */ = {isa = PBXFileReference; lastKnownFileType = text.plist.xml; path = Info.plist; sourceTree = "<group>"; };
		4919E2011EE5CB590022F44D /* FollowMeTests.xctest */ = {isa = PBXFileReference; explicitFileType = wrapper.cfbundle; includeInIndex = 0; path = FollowMeTests.xctest; sourceTree = BUILT_PRODUCTS_DIR; };
		4919E2051EE5CB5A0022F44D /* FollowMeTests.m */ = {isa = PBXFileReference; lastKnownFileType = sourcecode.c.objc; path = FollowMeTests.m; sourceTree = "<group>"; };
		4919E2071EE5CB5A0022F44D /* Info.plist */ = {isa = PBXFileReference; lastKnownFileType = text.plist.xml; path = Info.plist; sourceTree = "<group>"; };
		4919E20C1EE5CB5A0022F44D /* FollowMeUITests.xctest */ = {isa = PBXFileReference; explicitFileType = wrapper.cfbundle; includeInIndex = 0; path = FollowMeUITests.xctest; sourceTree = BUILT_PRODUCTS_DIR; };
		4919E2101EE5CB5A0022F44D /* FollowMeUITests.m */ = {isa = PBXFileReference; lastKnownFileType = sourcecode.c.objc; path = FollowMeUITests.m; sourceTree = "<group>"; };
		4919E2121EE5CB5A0022F44D /* Info.plist */ = {isa = PBXFileReference; lastKnownFileType = text.plist.xml; path = Info.plist; sourceTree = "<group>"; };
		4919E21F1EE5D1930022F44D /* FollowMe-Bridging-Header.h */ = {isa = PBXFileReference; lastKnownFileType = sourcecode.c.h; path = "FollowMe-Bridging-Header.h"; sourceTree = "<group>"; };
		4919E2201EE5D1930022F44D /* MapApi.swift */ = {isa = PBXFileReference; fileEncoding = 4; lastKnownFileType = sourcecode.swift; path = MapApi.swift; sourceTree = "<group>"; };
		4919E2231EE5E1A40022F44D /* LocationDelegate.m */ = {isa = PBXFileReference; fileEncoding = 4; lastKnownFileType = sourcecode.c.objc; path = LocationDelegate.m; sourceTree = "<group>"; };
		4919E2251EE5E1B10022F44D /* LocationDelegate.h */ = {isa = PBXFileReference; lastKnownFileType = sourcecode.c.h; path = LocationDelegate.h; sourceTree = "<group>"; };
		4919E22C1EE5F1560022F44D /* NSString+StringExtensions_m.h */ = {isa = PBXFileReference; fileEncoding = 4; lastKnownFileType = sourcecode.c.h; path = "NSString+StringExtensions_m.h"; sourceTree = "<group>"; };
		4919E22D1EE5F1560022F44D /* NSString+StringExtensions_m.m */ = {isa = PBXFileReference; fileEncoding = 4; lastKnownFileType = sourcecode.c.objc; path = "NSString+StringExtensions_m.m"; sourceTree = "<group>"; };
		492DD7E71EE74268007671AE /* LocationUpdatedInteractor.swift */ = {isa = PBXFileReference; fileEncoding = 4; lastKnownFileType = sourcecode.swift; path = LocationUpdatedInteractor.swift; sourceTree = "<group>"; };
		494C43191EE97F01002BE916 /* FollowMeTests-Bridging-Header.h */ = {isa = PBXFileReference; lastKnownFileType = sourcecode.c.h; path = "FollowMeTests-Bridging-Header.h"; sourceTree = "<group>"; };
		494C431A1EE97F01002BE916 /* RouteTests.swift */ = {isa = PBXFileReference; fileEncoding = 4; lastKnownFileType = sourcecode.swift; path = RouteTests.swift; sourceTree = "<group>"; };
		494C43411EE9E1BF002BE916 /* RandomGeneratable.swift */ = {isa = PBXFileReference; fileEncoding = 4; lastKnownFileType = sourcecode.swift; path = RandomGeneratable.swift; sourceTree = "<group>"; };
		494C43431EE9F60B002BE916 /* README.md */ = {isa = PBXFileReference; fileEncoding = 4; lastKnownFileType = net.daringfireball.markdown; path = README.md; sourceTree = "<group>"; };
		494C43451EEA017A002BE916 /* RouteInteractor.swift */ = {isa = PBXFileReference; fileEncoding = 4; lastKnownFileType = sourcecode.swift; path = RouteInteractor.swift; sourceTree = "<group>"; };
		4968CBDA1EE7629500A94D61 /* Common.swift */ = {isa = PBXFileReference; fileEncoding = 4; lastKnownFileType = sourcecode.swift; path = Common.swift; sourceTree = "<group>"; };
		497748B41EE74A3800A50CD9 /* en-GB */ = {isa = PBXFileReference; lastKnownFileType = text.plist.strings; name = "en-GB"; path = "en-GB.lproj/Main.strings"; sourceTree = "<group>"; };
		497748B51EE74A3900A50CD9 /* en-GB */ = {isa = PBXFileReference; lastKnownFileType = text.plist.strings; name = "en-GB"; path = "en-GB.lproj/LaunchScreen.strings"; sourceTree = "<group>"; };
		497748BC1EE74F0700A50CD9 /* Localizable.strings */ = {isa = PBXFileReference; fileEncoding = 4; lastKnownFileType = text.plist.strings; path = Localizable.strings; sourceTree = "<group>"; };
		498D60F81EE8A55600404001 /* SerializableRoute.swift */ = {isa = PBXFileReference; fileEncoding = 4; lastKnownFileType = sourcecode.swift; path = SerializableRoute.swift; sourceTree = "<group>"; };
		498F8A931EE8757D0002F2EF /* LocationTrackingInteractor.swift */ = {isa = PBXFileReference; fileEncoding = 4; lastKnownFileType = sourcecode.swift; path = LocationTrackingInteractor.swift; sourceTree = "<group>"; };
		49B8AB5D1EE5F36600376D16 /* NSArray+ArrayExtensions.h */ = {isa = PBXFileReference; fileEncoding = 4; lastKnownFileType = sourcecode.c.h; path = "NSArray+ArrayExtensions.h"; sourceTree = "<group>"; };
		49B8AB5E1EE5F36600376D16 /* NSArray+ArrayExtensions.m */ = {isa = PBXFileReference; fileEncoding = 4; lastKnownFileType = sourcecode.c.objc; path = "NSArray+ArrayExtensions.m"; sourceTree = "<group>"; };
		49FA46A11EE89EF700D8616E /* RoutesFileStore.swift */ = {isa = PBXFileReference; fileEncoding = 4; lastKnownFileType = sourcecode.swift; path = RoutesFileStore.swift; sourceTree = "<group>"; };
		49FA46A31EE89F2600D8616E /* Paths.swift */ = {isa = PBXFileReference; fileEncoding = 4; lastKnownFileType = sourcecode.swift; path = Paths.swift; sourceTree = "<group>"; };
		49FA46A51EE8A0D700D8616E /* DebugLog.swift */ = {isa = PBXFileReference; fileEncoding = 4; lastKnownFileType = sourcecode.swift; path = DebugLog.swift; sourceTree = "<group>"; };
		49FA46A81EE8A2DF00D8616E /* Route.swift */ = {isa = PBXFileReference; fileEncoding = 4; lastKnownFileType = sourcecode.swift; path = Route.swift; sourceTree = "<group>"; };
		55E013DCDD749CF8FEEB60BE /* Pods-FollowMe.release.xcconfig */ = {isa = PBXFileReference; includeInIndex = 1; lastKnownFileType = text.xcconfig; name = "Pods-FollowMe.release.xcconfig"; path = "Pods/Target Support Files/Pods-FollowMe/Pods-FollowMe.release.xcconfig"; sourceTree = "<group>"; };
		6279B7F0419CC23C7AF4C56D /* Pods_FollowMeUITests.framework */ = {isa = PBXFileReference; explicitFileType = wrapper.framework; includeInIndex = 0; path = Pods_FollowMeUITests.framework; sourceTree = BUILT_PRODUCTS_DIR; };
		71D778EDAA4E6156092BD58D /* Pods-FollowMe.debug.xcconfig */ = {isa = PBXFileReference; includeInIndex = 1; lastKnownFileType = text.xcconfig; name = "Pods-FollowMe.debug.xcconfig"; path = "Pods/Target Support Files/Pods-FollowMe/Pods-FollowMe.debug.xcconfig"; sourceTree = "<group>"; };
		7DF1D1A6D0DF0AD3B9525FEF /* Pods_FollowMe.framework */ = {isa = PBXFileReference; explicitFileType = wrapper.framework; includeInIndex = 0; path = Pods_FollowMe.framework; sourceTree = BUILT_PRODUCTS_DIR; };
/* End PBXFileReference section */

/* Begin PBXFrameworksBuildPhase section */
		4919E1E21EE5CB590022F44D /* Frameworks */ = {
			isa = PBXFrameworksBuildPhase;
			buildActionMask = 2147483647;
			files = (
				98DF1EDA3BF9E000623EFDE1 /* Pods_FollowMe.framework in Frameworks */,
			);
			runOnlyForDeploymentPostprocessing = 0;
		};
		4919E1FE1EE5CB590022F44D /* Frameworks */ = {
			isa = PBXFrameworksBuildPhase;
			buildActionMask = 2147483647;
			files = (
				78634F96DA18BBC50ECE3812 /* Pods_FollowMeTests.framework in Frameworks */,
			);
			runOnlyForDeploymentPostprocessing = 0;
		};
		4919E2091EE5CB5A0022F44D /* Frameworks */ = {
			isa = PBXFrameworksBuildPhase;
			buildActionMask = 2147483647;
			files = (
				3CB05E34639B569DA221F47E /* Pods_FollowMeUITests.framework in Frameworks */,
			);
			runOnlyForDeploymentPostprocessing = 0;
		};
/* End PBXFrameworksBuildPhase section */

/* Begin PBXGroup section */
		4919E1DC1EE5CB590022F44D = {
			isa = PBXGroup;
			children = (
				494C43431EE9F60B002BE916 /* README.md */,
				497748BC1EE74F0700A50CD9 /* Localizable.strings */,
				4919E1E71EE5CB590022F44D /* FollowMe */,
				4919E2041EE5CB5A0022F44D /* FollowMeTests */,
				4919E20F1EE5CB5A0022F44D /* FollowMeUITests */,
				4919E1E61EE5CB590022F44D /* Products */,
				F3232538AEB499D8DB651805 /* Pods */,
				52EC9B5C2AF00ACD846F598C /* Frameworks */,
			);
			sourceTree = "<group>";
		};
		4919E1E61EE5CB590022F44D /* Products */ = {
			isa = PBXGroup;
			children = (
				4919E1E51EE5CB590022F44D /* FollowMe.app */,
				4919E2011EE5CB590022F44D /* FollowMeTests.xctest */,
				4919E20C1EE5CB5A0022F44D /* FollowMeUITests.xctest */,
			);
			name = Products;
			sourceTree = "<group>";
		};
		4919E1E71EE5CB590022F44D /* FollowMe */ = {
			isa = PBXGroup;
			children = (
				49FA46A71EE8A2CE00D8616E /* Models */,
				49FA46A01EE89ED000D8616E /* Repositorys */,
				492DD7E61EE7424C007671AE /* Interactors */,
				4919E22A1EE5F0B80022F44D /* Extensions */,
				4919E21F1EE5D1930022F44D /* FollowMe-Bridging-Header.h */,
				4919E2221EE5E1590022F44D /* ViewControllers */,
				4919E21E1EE5D16F0022F44D /* Map */,
				4919E1EB1EE5CB590022F44D /* AppDelegate.h */,
				4919E1EC1EE5CB590022F44D /* AppDelegate.m */,
				4919E2231EE5E1A40022F44D /* LocationDelegate.m */,
				4919E2251EE5E1B10022F44D /* LocationDelegate.h */,
				4919E1F11EE5CB590022F44D /* Main.storyboard */,
				4919E1F71EE5CB590022F44D /* Assets.xcassets */,
				4919E1F91EE5CB590022F44D /* LaunchScreen.storyboard */,
				4919E1FC1EE5CB590022F44D /* Info.plist */,
				4919E1F41EE5CB590022F44D /* FollowMe.xcdatamodeld */,
				4919E1E81EE5CB590022F44D /* Supporting Files */,
			);
			path = FollowMe;
			sourceTree = "<group>";
		};
		4919E1E81EE5CB590022F44D /* Supporting Files */ = {
			isa = PBXGroup;
			children = (
				4919E1E91EE5CB590022F44D /* main.m */,
			);
			name = "Supporting Files";
			sourceTree = "<group>";
		};
		4919E2041EE5CB5A0022F44D /* FollowMeTests */ = {
			isa = PBXGroup;
			children = (
				4919E2051EE5CB5A0022F44D /* FollowMeTests.m */,
				4919E2071EE5CB5A0022F44D /* Info.plist */,
				494C431A1EE97F01002BE916 /* RouteTests.swift */,
				494C43191EE97F01002BE916 /* FollowMeTests-Bridging-Header.h */,
			);
			path = FollowMeTests;
			sourceTree = "<group>";
		};
		4919E20F1EE5CB5A0022F44D /* FollowMeUITests */ = {
			isa = PBXGroup;
			children = (
				4919E2101EE5CB5A0022F44D /* FollowMeUITests.m */,
				4919E2121EE5CB5A0022F44D /* Info.plist */,
			);
			path = FollowMeUITests;
			sourceTree = "<group>";
		};
		4919E21E1EE5D16F0022F44D /* Map */ = {
			isa = PBXGroup;
			children = (
				4919E2201EE5D1930022F44D /* MapApi.swift */,
			);
			name = Map;
			sourceTree = "<group>";
		};
		4919E2221EE5E1590022F44D /* ViewControllers */ = {
			isa = PBXGroup;
			children = (
				4919E1EE1EE5CB590022F44D /* PathViewController.h */,
				4919E1EF1EE5CB590022F44D /* PathViewController.m */,
			);
			name = ViewControllers;
			sourceTree = "<group>";
		};
		4919E22A1EE5F0B80022F44D /* Extensions */ = {
			isa = PBXGroup;
			children = (
				4919E22C1EE5F1560022F44D /* NSString+StringExtensions_m.h */,
				4919E22D1EE5F1560022F44D /* NSString+StringExtensions_m.m */,
				49B8AB5D1EE5F36600376D16 /* NSArray+ArrayExtensions.h */,
				49B8AB5E1EE5F36600376D16 /* NSArray+ArrayExtensions.m */,
				4968CBDA1EE7629500A94D61 /* Common.swift */,
				494C43411EE9E1BF002BE916 /* RandomGeneratable.swift */,
			);
			name = Extensions;
			sourceTree = "<group>";
		};
		492DD7E61EE7424C007671AE /* Interactors */ = {
			isa = PBXGroup;
			children = (
				492DD7E71EE74268007671AE /* LocationUpdatedInteractor.swift */,
				498F8A931EE8757D0002F2EF /* LocationTrackingInteractor.swift */,
				494C43451EEA017A002BE916 /* RouteInteractor.swift */,
			);
			name = Interactors;
			sourceTree = "<group>";
		};
		498D60F71EE8A53400404001 /* SerializableModels */ = {
			isa = PBXGroup;
			children = (
				498D60F81EE8A55600404001 /* SerializableRoute.swift */,
			);
			name = SerializableModels;
			sourceTree = "<group>";
		};
		49FA46A01EE89ED000D8616E /* Repositorys */ = {
			isa = PBXGroup;
			children = (
				498D60F71EE8A53400404001 /* SerializableModels */,
				49FA46A11EE89EF700D8616E /* RoutesFileStore.swift */,
				49FA46A31EE89F2600D8616E /* Paths.swift */,
				49FA46A51EE8A0D700D8616E /* DebugLog.swift */,
			);
			name = Repositorys;
			sourceTree = "<group>";
		};
		49FA46A71EE8A2CE00D8616E /* Models */ = {
			isa = PBXGroup;
			children = (
				49FA46A81EE8A2DF00D8616E /* Route.swift */,
			);
			name = Models;
			sourceTree = "<group>";
		};
		52EC9B5C2AF00ACD846F598C /* Frameworks */ = {
			isa = PBXGroup;
			children = (
				7DF1D1A6D0DF0AD3B9525FEF /* Pods_FollowMe.framework */,
				2B5588E94DE8DFE5AB8A21C7 /* Pods_FollowMeTests.framework */,
				6279B7F0419CC23C7AF4C56D /* Pods_FollowMeUITests.framework */,
			);
			name = Frameworks;
			sourceTree = "<group>";
		};
		F3232538AEB499D8DB651805 /* Pods */ = {
			isa = PBXGroup;
			children = (
				71D778EDAA4E6156092BD58D /* Pods-FollowMe.debug.xcconfig */,
				55E013DCDD749CF8FEEB60BE /* Pods-FollowMe.release.xcconfig */,
				3E17023DCA639E14D09DCE63 /* Pods-FollowMeTests.debug.xcconfig */,
				0827C5DAECE036C68EA6313B /* Pods-FollowMeTests.release.xcconfig */,
				2E289B27C5833281FDD773FE /* Pods-FollowMeUITests.debug.xcconfig */,
				1D389D41A3C34E2300CEBD17 /* Pods-FollowMeUITests.release.xcconfig */,
			);
			name = Pods;
			sourceTree = "<group>";
		};
/* End PBXGroup section */

/* Begin PBXNativeTarget section */
		4919E1E41EE5CB590022F44D /* FollowMe */ = {
			isa = PBXNativeTarget;
			buildConfigurationList = 4919E2151EE5CB5A0022F44D /* Build configuration list for PBXNativeTarget "FollowMe" */;
			buildPhases = (
				44A2C692F6A44453ABDA6A68 /* [CP] Check Pods Manifest.lock */,
				4919E1E11EE5CB590022F44D /* Sources */,
				4919E1E21EE5CB590022F44D /* Frameworks */,
				4919E1E31EE5CB590022F44D /* Resources */,
				2D1191CC393863C60F216BC3 /* [CP] Embed Pods Frameworks */,
				87B7786A8C6D7D149C91146F /* [CP] Copy Pods Resources */,
			);
			buildRules = (
			);
			dependencies = (
			);
			name = FollowMe;
			productName = FollowMe;
			productReference = 4919E1E51EE5CB590022F44D /* FollowMe.app */;
			productType = "com.apple.product-type.application";
		};
		4919E2001EE5CB590022F44D /* FollowMeTests */ = {
			isa = PBXNativeTarget;
			buildConfigurationList = 4919E2181EE5CB5A0022F44D /* Build configuration list for PBXNativeTarget "FollowMeTests" */;
			buildPhases = (
				BE4BEE8424399E14DEB71E35 /* [CP] Check Pods Manifest.lock */,
				4919E1FD1EE5CB590022F44D /* Sources */,
				4919E1FE1EE5CB590022F44D /* Frameworks */,
				4919E1FF1EE5CB590022F44D /* Resources */,
				95B82FE02C399FA04CE10808 /* [CP] Embed Pods Frameworks */,
				3F3581755B00C713F1366F5F /* [CP] Copy Pods Resources */,
			);
			buildRules = (
			);
			dependencies = (
				4919E2031EE5CB590022F44D /* PBXTargetDependency */,
			);
			name = FollowMeTests;
			productName = FollowMeTests;
			productReference = 4919E2011EE5CB590022F44D /* FollowMeTests.xctest */;
			productType = "com.apple.product-type.bundle.unit-test";
		};
		4919E20B1EE5CB5A0022F44D /* FollowMeUITests */ = {
			isa = PBXNativeTarget;
			buildConfigurationList = 4919E21B1EE5CB5A0022F44D /* Build configuration list for PBXNativeTarget "FollowMeUITests" */;
			buildPhases = (
				A45913C0D111210779901108 /* [CP] Check Pods Manifest.lock */,
				4919E2081EE5CB5A0022F44D /* Sources */,
				4919E2091EE5CB5A0022F44D /* Frameworks */,
				4919E20A1EE5CB5A0022F44D /* Resources */,
				40A52284FD9CB50F5E7816AD /* [CP] Embed Pods Frameworks */,
				F0487CA7D8DA81BD8A2FE148 /* [CP] Copy Pods Resources */,
			);
			buildRules = (
			);
			dependencies = (
				4919E20E1EE5CB5A0022F44D /* PBXTargetDependency */,
			);
			name = FollowMeUITests;
			productName = FollowMeUITests;
			productReference = 4919E20C1EE5CB5A0022F44D /* FollowMeUITests.xctest */;
			productType = "com.apple.product-type.bundle.ui-testing";
		};
/* End PBXNativeTarget section */

/* Begin PBXProject section */
		4919E1DD1EE5CB590022F44D /* Project object */ = {
			isa = PBXProject;
			attributes = {
				LastUpgradeCheck = 0830;
				ORGANIZATIONNAME = Stepwise;
				TargetAttributes = {
					4919E1E41EE5CB590022F44D = {
						CreatedOnToolsVersion = 8.3.2;
						DevelopmentTeam = 5AF65X34YK;
						LastSwiftMigration = 0830;
						ProvisioningStyle = Automatic;
					};
					4919E2001EE5CB590022F44D = {
						CreatedOnToolsVersion = 8.3.2;
						DevelopmentTeam = 5AF65X34YK;
						LastSwiftMigration = 0830;
						ProvisioningStyle = Automatic;
						TestTargetID = 4919E1E41EE5CB590022F44D;
					};
					4919E20B1EE5CB5A0022F44D = {
						CreatedOnToolsVersion = 8.3.2;
						DevelopmentTeam = 5AF65X34YK;
						ProvisioningStyle = Automatic;
						TestTargetID = 4919E1E41EE5CB590022F44D;
					};
				};
			};
			buildConfigurationList = 4919E1E01EE5CB590022F44D /* Build configuration list for PBXProject "FollowMe" */;
			compatibilityVersion = "Xcode 3.2";
			developmentRegion = English;
			hasScannedForEncodings = 0;
			knownRegions = (
				en,
				Base,
			);
			mainGroup = 4919E1DC1EE5CB590022F44D;
			productRefGroup = 4919E1E61EE5CB590022F44D /* Products */;
			projectDirPath = "";
			projectRoot = "";
			targets = (
				4919E1E41EE5CB590022F44D /* FollowMe */,
				4919E2001EE5CB590022F44D /* FollowMeTests */,
				4919E20B1EE5CB5A0022F44D /* FollowMeUITests */,
			);
		};
/* End PBXProject section */

/* Begin PBXResourcesBuildPhase section */
		4919E1E31EE5CB590022F44D /* Resources */ = {
			isa = PBXResourcesBuildPhase;
			buildActionMask = 2147483647;
			files = (
				4919E1FB1EE5CB590022F44D /* LaunchScreen.storyboard in Resources */,
				497748BD1EE74F0700A50CD9 /* Localizable.strings in Resources */,
				4919E1F81EE5CB590022F44D /* Assets.xcassets in Resources */,
				4919E1F31EE5CB590022F44D /* Main.storyboard in Resources */,
			);
			runOnlyForDeploymentPostprocessing = 0;
		};
		4919E1FF1EE5CB590022F44D /* Resources */ = {
			isa = PBXResourcesBuildPhase;
			buildActionMask = 2147483647;
			files = (
			);
			runOnlyForDeploymentPostprocessing = 0;
		};
		4919E20A1EE5CB5A0022F44D /* Resources */ = {
			isa = PBXResourcesBuildPhase;
			buildActionMask = 2147483647;
			files = (
			);
			runOnlyForDeploymentPostprocessing = 0;
		};
/* End PBXResourcesBuildPhase section */

/* Begin PBXShellScriptBuildPhase section */
		2D1191CC393863C60F216BC3 /* [CP] Embed Pods Frameworks */ = {
			isa = PBXShellScriptBuildPhase;
			buildActionMask = 2147483647;
			files = (
			);
			inputPaths = (
			);
			name = "[CP] Embed Pods Frameworks";
			outputPaths = (
			);
			runOnlyForDeploymentPostprocessing = 0;
			shellPath = /bin/sh;
			shellScript = "\"${SRCROOT}/Pods/Target Support Files/Pods-FollowMe/Pods-FollowMe-frameworks.sh\"\n";
			showEnvVarsInLog = 0;
		};
		3F3581755B00C713F1366F5F /* [CP] Copy Pods Resources */ = {
			isa = PBXShellScriptBuildPhase;
			buildActionMask = 2147483647;
			files = (
			);
			inputPaths = (
			);
			name = "[CP] Copy Pods Resources";
			outputPaths = (
			);
			runOnlyForDeploymentPostprocessing = 0;
			shellPath = /bin/sh;
			shellScript = "\"${SRCROOT}/Pods/Target Support Files/Pods-FollowMeTests/Pods-FollowMeTests-resources.sh\"\n";
			showEnvVarsInLog = 0;
		};
		40A52284FD9CB50F5E7816AD /* [CP] Embed Pods Frameworks */ = {
			isa = PBXShellScriptBuildPhase;
			buildActionMask = 2147483647;
			files = (
			);
			inputPaths = (
			);
			name = "[CP] Embed Pods Frameworks";
			outputPaths = (
			);
			runOnlyForDeploymentPostprocessing = 0;
			shellPath = /bin/sh;
			shellScript = "\"${SRCROOT}/Pods/Target Support Files/Pods-FollowMeUITests/Pods-FollowMeUITests-frameworks.sh\"\n";
			showEnvVarsInLog = 0;
		};
		44A2C692F6A44453ABDA6A68 /* [CP] Check Pods Manifest.lock */ = {
			isa = PBXShellScriptBuildPhase;
			buildActionMask = 2147483647;
			files = (
			);
			inputPaths = (
			);
			name = "[CP] Check Pods Manifest.lock";
			outputPaths = (
			);
			runOnlyForDeploymentPostprocessing = 0;
			shellPath = /bin/sh;
			shellScript = "diff \"${PODS_ROOT}/../Podfile.lock\" \"${PODS_ROOT}/Manifest.lock\" > /dev/null\nif [ $? != 0 ] ; then\n    # print error to STDERR\n    echo \"error: The sandbox is not in sync with the Podfile.lock. Run 'pod install' or update your CocoaPods installation.\" >&2\n    exit 1\nfi\n";
			showEnvVarsInLog = 0;
		};
		87B7786A8C6D7D149C91146F /* [CP] Copy Pods Resources */ = {
			isa = PBXShellScriptBuildPhase;
			buildActionMask = 2147483647;
			files = (
			);
			inputPaths = (
			);
			name = "[CP] Copy Pods Resources";
			outputPaths = (
			);
			runOnlyForDeploymentPostprocessing = 0;
			shellPath = /bin/sh;
			shellScript = "\"${SRCROOT}/Pods/Target Support Files/Pods-FollowMe/Pods-FollowMe-resources.sh\"\n";
			showEnvVarsInLog = 0;
		};
		95B82FE02C399FA04CE10808 /* [CP] Embed Pods Frameworks */ = {
			isa = PBXShellScriptBuildPhase;
			buildActionMask = 2147483647;
			files = (
			);
			inputPaths = (
			);
			name = "[CP] Embed Pods Frameworks";
			outputPaths = (
			);
			runOnlyForDeploymentPostprocessing = 0;
			shellPath = /bin/sh;
			shellScript = "\"${SRCROOT}/Pods/Target Support Files/Pods-FollowMeTests/Pods-FollowMeTests-frameworks.sh\"\n";
			showEnvVarsInLog = 0;
		};
		A45913C0D111210779901108 /* [CP] Check Pods Manifest.lock */ = {
			isa = PBXShellScriptBuildPhase;
			buildActionMask = 2147483647;
			files = (
			);
			inputPaths = (
			);
			name = "[CP] Check Pods Manifest.lock";
			outputPaths = (
			);
			runOnlyForDeploymentPostprocessing = 0;
			shellPath = /bin/sh;
			shellScript = "diff \"${PODS_ROOT}/../Podfile.lock\" \"${PODS_ROOT}/Manifest.lock\" > /dev/null\nif [ $? != 0 ] ; then\n    # print error to STDERR\n    echo \"error: The sandbox is not in sync with the Podfile.lock. Run 'pod install' or update your CocoaPods installation.\" >&2\n    exit 1\nfi\n";
			showEnvVarsInLog = 0;
		};
		BE4BEE8424399E14DEB71E35 /* [CP] Check Pods Manifest.lock */ = {
			isa = PBXShellScriptBuildPhase;
			buildActionMask = 2147483647;
			files = (
			);
			inputPaths = (
			);
			name = "[CP] Check Pods Manifest.lock";
			outputPaths = (
			);
			runOnlyForDeploymentPostprocessing = 0;
			shellPath = /bin/sh;
			shellScript = "diff \"${PODS_ROOT}/../Podfile.lock\" \"${PODS_ROOT}/Manifest.lock\" > /dev/null\nif [ $? != 0 ] ; then\n    # print error to STDERR\n    echo \"error: The sandbox is not in sync with the Podfile.lock. Run 'pod install' or update your CocoaPods installation.\" >&2\n    exit 1\nfi\n";
			showEnvVarsInLog = 0;
		};
		F0487CA7D8DA81BD8A2FE148 /* [CP] Copy Pods Resources */ = {
			isa = PBXShellScriptBuildPhase;
			buildActionMask = 2147483647;
			files = (
			);
			inputPaths = (
			);
			name = "[CP] Copy Pods Resources";
			outputPaths = (
			);
			runOnlyForDeploymentPostprocessing = 0;
			shellPath = /bin/sh;
			shellScript = "\"${SRCROOT}/Pods/Target Support Files/Pods-FollowMeUITests/Pods-FollowMeUITests-resources.sh\"\n";
			showEnvVarsInLog = 0;
		};
/* End PBXShellScriptBuildPhase section */

/* Begin PBXSourcesBuildPhase section */
		4919E1E11EE5CB590022F44D /* Sources */ = {
			isa = PBXSourcesBuildPhase;
			buildActionMask = 2147483647;
			files = (
				4919E22E1EE5F1560022F44D /* NSString+StringExtensions_m.m in Sources */,
				4919E1F01EE5CB590022F44D /* PathViewController.m in Sources */,
				49FA46A61EE8A0D700D8616E /* DebugLog.swift in Sources */,
				49FA46A91EE8A2DF00D8616E /* Route.swift in Sources */,
				4919E2241EE5E1A40022F44D /* LocationDelegate.m in Sources */,
				498F8A941EE8757D0002F2EF /* LocationTrackingInteractor.swift in Sources */,
				4919E1ED1EE5CB590022F44D /* AppDelegate.m in Sources */,
				4919E1F61EE5CB590022F44D /* FollowMe.xcdatamodeld in Sources */,
				498D60F91EE8A55600404001 /* SerializableRoute.swift in Sources */,
				4919E1EA1EE5CB590022F44D /* main.m in Sources */,
				49FA46A21EE89EF700D8616E /* RoutesFileStore.swift in Sources */,
				492DD7E81EE74268007671AE /* LocationUpdatedInteractor.swift in Sources */,
				49B8AB5F1EE5F36600376D16 /* NSArray+ArrayExtensions.m in Sources */,
				4968CBDB1EE7629500A94D61 /* Common.swift in Sources */,
				494C43461EEA017A002BE916 /* RouteInteractor.swift in Sources */,
				49FA46A41EE89F2600D8616E /* Paths.swift in Sources */,
				4919E2211EE5D1930022F44D /* MapApi.swift in Sources */,
				494C43421EE9E1BF002BE916 /* RandomGeneratable.swift in Sources */,
			);
			runOnlyForDeploymentPostprocessing = 0;
		};
		4919E1FD1EE5CB590022F44D /* Sources */ = {
			isa = PBXSourcesBuildPhase;
			buildActionMask = 2147483647;
			files = (
				4919E2061EE5CB5A0022F44D /* FollowMeTests.m in Sources */,
				494C431B1EE97F01002BE916 /* RouteTests.swift in Sources */,
			);
			runOnlyForDeploymentPostprocessing = 0;
		};
		4919E2081EE5CB5A0022F44D /* Sources */ = {
			isa = PBXSourcesBuildPhase;
			buildActionMask = 2147483647;
			files = (
				4919E2111EE5CB5A0022F44D /* FollowMeUITests.m in Sources */,
			);
			runOnlyForDeploymentPostprocessing = 0;
		};
/* End PBXSourcesBuildPhase section */

/* Begin PBXTargetDependency section */
		4919E2031EE5CB590022F44D /* PBXTargetDependency */ = {
			isa = PBXTargetDependency;
			target = 4919E1E41EE5CB590022F44D /* FollowMe */;
			targetProxy = 4919E2021EE5CB590022F44D /* PBXContainerItemProxy */;
		};
		4919E20E1EE5CB5A0022F44D /* PBXTargetDependency */ = {
			isa = PBXTargetDependency;
			target = 4919E1E41EE5CB590022F44D /* FollowMe */;
			targetProxy = 4919E20D1EE5CB5A0022F44D /* PBXContainerItemProxy */;
		};
/* End PBXTargetDependency section */

/* Begin PBXVariantGroup section */
		4919E1F11EE5CB590022F44D /* Main.storyboard */ = {
			isa = PBXVariantGroup;
			children = (
				4919E1F21EE5CB590022F44D /* Base */,
				497748B41EE74A3800A50CD9 /* en-GB */,
			);
			name = Main.storyboard;
			sourceTree = "<group>";
		};
		4919E1F91EE5CB590022F44D /* LaunchScreen.storyboard */ = {
			isa = PBXVariantGroup;
			children = (
				4919E1FA1EE5CB590022F44D /* Base */,
				497748B51EE74A3900A50CD9 /* en-GB */,
			);
			name = LaunchScreen.storyboard;
			sourceTree = "<group>";
		};
/* End PBXVariantGroup section */

/* Begin XCBuildConfiguration section */
		4919E2131EE5CB5A0022F44D /* Debug */ = {
			isa = XCBuildConfiguration;
			buildSettings = {
				ALWAYS_SEARCH_USER_PATHS = NO;
				CLANG_ANALYZER_LOCALIZABILITY_NONLOCALIZED = YES;
				CLANG_ANALYZER_NONNULL = YES;
				CLANG_ANALYZER_NUMBER_OBJECT_CONVERSION = YES_AGGRESSIVE;
				CLANG_CXX_LANGUAGE_STANDARD = "gnu++0x";
				CLANG_CXX_LIBRARY = "libc++";
				CLANG_ENABLE_MODULES = YES;
				CLANG_ENABLE_OBJC_ARC = YES;
				CLANG_WARN_BOOL_CONVERSION = YES;
				CLANG_WARN_CONSTANT_CONVERSION = YES;
				CLANG_WARN_DIRECT_OBJC_ISA_USAGE = YES_ERROR;
				CLANG_WARN_DOCUMENTATION_COMMENTS = YES;
				CLANG_WARN_EMPTY_BODY = YES;
				CLANG_WARN_ENUM_CONVERSION = YES;
				CLANG_WARN_INFINITE_RECURSION = YES;
				CLANG_WARN_INT_CONVERSION = YES;
				CLANG_WARN_OBJC_ROOT_CLASS = YES_ERROR;
				CLANG_WARN_SUSPICIOUS_MOVE = YES;
				CLANG_WARN_UNREACHABLE_CODE = YES;
				CLANG_WARN__DUPLICATE_METHOD_MATCH = YES;
				"CODE_SIGN_IDENTITY[sdk=iphoneos*]" = "iPhone Developer";
				COPY_PHASE_STRIP = NO;
				DEBUG_INFORMATION_FORMAT = dwarf;
				ENABLE_STRICT_OBJC_MSGSEND = YES;
				ENABLE_TESTABILITY = YES;
				GCC_C_LANGUAGE_STANDARD = gnu99;
				GCC_DYNAMIC_NO_PIC = NO;
				GCC_NO_COMMON_BLOCKS = YES;
				GCC_OPTIMIZATION_LEVEL = 0;
				GCC_PREPROCESSOR_DEFINITIONS = (
					"DEBUG=1",
					"$(inherited)",
				);
				GCC_WARN_64_TO_32_BIT_CONVERSION = YES;
				GCC_WARN_ABOUT_RETURN_TYPE = YES_ERROR;
				GCC_WARN_UNDECLARED_SELECTOR = YES;
				GCC_WARN_UNINITIALIZED_AUTOS = YES_AGGRESSIVE;
				GCC_WARN_UNUSED_FUNCTION = YES;
				GCC_WARN_UNUSED_VARIABLE = YES;
				IPHONEOS_DEPLOYMENT_TARGET = 10.3;
				MTL_ENABLE_DEBUG_INFO = YES;
				ONLY_ACTIVE_ARCH = YES;
				SDKROOT = iphoneos;
			};
			name = Debug;
		};
		4919E2141EE5CB5A0022F44D /* Release */ = {
			isa = XCBuildConfiguration;
			buildSettings = {
				ALWAYS_SEARCH_USER_PATHS = NO;
				CLANG_ANALYZER_LOCALIZABILITY_NONLOCALIZED = YES;
				CLANG_ANALYZER_NONNULL = YES;
				CLANG_ANALYZER_NUMBER_OBJECT_CONVERSION = YES_AGGRESSIVE;
				CLANG_CXX_LANGUAGE_STANDARD = "gnu++0x";
				CLANG_CXX_LIBRARY = "libc++";
				CLANG_ENABLE_MODULES = YES;
				CLANG_ENABLE_OBJC_ARC = YES;
				CLANG_WARN_BOOL_CONVERSION = YES;
				CLANG_WARN_CONSTANT_CONVERSION = YES;
				CLANG_WARN_DIRECT_OBJC_ISA_USAGE = YES_ERROR;
				CLANG_WARN_DOCUMENTATION_COMMENTS = YES;
				CLANG_WARN_EMPTY_BODY = YES;
				CLANG_WARN_ENUM_CONVERSION = YES;
				CLANG_WARN_INFINITE_RECURSION = YES;
				CLANG_WARN_INT_CONVERSION = YES;
				CLANG_WARN_OBJC_ROOT_CLASS = YES_ERROR;
				CLANG_WARN_SUSPICIOUS_MOVE = YES;
				CLANG_WARN_UNREACHABLE_CODE = YES;
				CLANG_WARN__DUPLICATE_METHOD_MATCH = YES;
				"CODE_SIGN_IDENTITY[sdk=iphoneos*]" = "iPhone Developer";
				COPY_PHASE_STRIP = NO;
				DEBUG_INFORMATION_FORMAT = "dwarf-with-dsym";
				ENABLE_NS_ASSERTIONS = NO;
				ENABLE_STRICT_OBJC_MSGSEND = YES;
				GCC_C_LANGUAGE_STANDARD = gnu99;
				GCC_NO_COMMON_BLOCKS = YES;
				GCC_WARN_64_TO_32_BIT_CONVERSION = YES;
				GCC_WARN_ABOUT_RETURN_TYPE = YES_ERROR;
				GCC_WARN_UNDECLARED_SELECTOR = YES;
				GCC_WARN_UNINITIALIZED_AUTOS = YES_AGGRESSIVE;
				GCC_WARN_UNUSED_FUNCTION = YES;
				GCC_WARN_UNUSED_VARIABLE = YES;
				IPHONEOS_DEPLOYMENT_TARGET = 10.3;
				MTL_ENABLE_DEBUG_INFO = NO;
				SDKROOT = iphoneos;
				VALIDATE_PRODUCT = YES;
			};
			name = Release;
		};
		4919E2161EE5CB5A0022F44D /* Debug */ = {
			isa = XCBuildConfiguration;
			baseConfigurationReference = 71D778EDAA4E6156092BD58D /* Pods-FollowMe.debug.xcconfig */;
			buildSettings = {
				ASSETCATALOG_COMPILER_APPICON_NAME = AppIcon;
				CLANG_ENABLE_MODULES = YES;
				DEVELOPMENT_TEAM = 5AF65X34YK;
				INFOPLIST_FILE = FollowMe/Info.plist;
				LD_RUNPATH_SEARCH_PATHS = "$(inherited) @executable_path/Frameworks";
				PRODUCT_BUNDLE_IDENTIFIER = com.stepwise.followme;
				PRODUCT_NAME = "$(TARGET_NAME)";
				SWIFT_OBJC_BRIDGING_HEADER = "FollowMe/FollowMe-Bridging-Header.h";
				SWIFT_OPTIMIZATION_LEVEL = "-Onone";
				SWIFT_VERSION = 3.0;
			};
			name = Debug;
		};
		4919E2171EE5CB5A0022F44D /* Release */ = {
			isa = XCBuildConfiguration;
			baseConfigurationReference = 55E013DCDD749CF8FEEB60BE /* Pods-FollowMe.release.xcconfig */;
			buildSettings = {
				ASSETCATALOG_COMPILER_APPICON_NAME = AppIcon;
				CLANG_ENABLE_MODULES = YES;
				DEVELOPMENT_TEAM = 5AF65X34YK;
				INFOPLIST_FILE = FollowMe/Info.plist;
				LD_RUNPATH_SEARCH_PATHS = "$(inherited) @executable_path/Frameworks";
				PRODUCT_BUNDLE_IDENTIFIER = com.stepwise.followme;
				PRODUCT_NAME = "$(TARGET_NAME)";
				SWIFT_OBJC_BRIDGING_HEADER = "FollowMe/FollowMe-Bridging-Header.h";
				SWIFT_VERSION = 3.0;
			};
			name = Release;
		};
		4919E2191EE5CB5A0022F44D /* Debug */ = {
			isa = XCBuildConfiguration;
			baseConfigurationReference = 3E17023DCA639E14D09DCE63 /* Pods-FollowMeTests.debug.xcconfig */;
			buildSettings = {
				ALWAYS_EMBED_SWIFT_STANDARD_LIBRARIES = YES;
				BUNDLE_LOADER = "$(TEST_HOST)";
				CLANG_ENABLE_MODULES = YES;
				DEVELOPMENT_TEAM = 5AF65X34YK;
				INFOPLIST_FILE = FollowMeTests/Info.plist;
				LD_RUNPATH_SEARCH_PATHS = "$(inherited) @executable_path/Frameworks @loader_path/Frameworks";
				PRODUCT_BUNDLE_IDENTIFIER = Stepwise.FollowMeTests;
				PRODUCT_NAME = "$(TARGET_NAME)";
				SWIFT_OBJC_BRIDGING_HEADER = "FollowMeTests/FollowMeTests-Bridging-Header.h";
				SWIFT_OPTIMIZATION_LEVEL = "-Onone";
				SWIFT_VERSION = 3.0;
				TEST_HOST = "$(BUILT_PRODUCTS_DIR)/FollowMe.app/FollowMe";
			};
			name = Debug;
		};
		4919E21A1EE5CB5A0022F44D /* Release */ = {
			isa = XCBuildConfiguration;
			baseConfigurationReference = 0827C5DAECE036C68EA6313B /* Pods-FollowMeTests.release.xcconfig */;
			buildSettings = {
				ALWAYS_EMBED_SWIFT_STANDARD_LIBRARIES = YES;
				BUNDLE_LOADER = "$(TEST_HOST)";
				CLANG_ENABLE_MODULES = YES;
				DEVELOPMENT_TEAM = 5AF65X34YK;
				INFOPLIST_FILE = FollowMeTests/Info.plist;
				LD_RUNPATH_SEARCH_PATHS = "$(inherited) @executable_path/Frameworks @loader_path/Frameworks";
				PRODUCT_BUNDLE_IDENTIFIER = Stepwise.FollowMeTests;
				PRODUCT_NAME = "$(TARGET_NAME)";
				SWIFT_OBJC_BRIDGING_HEADER = "FollowMeTests/FollowMeTests-Bridging-Header.h";
				SWIFT_VERSION = 3.0;
				TEST_HOST = "$(BUILT_PRODUCTS_DIR)/FollowMe.app/FollowMe";
			};
			name = Release;
		};
		4919E21C1EE5CB5A0022F44D /* Debug */ = {
			isa = XCBuildConfiguration;
			baseConfigurationReference = 2E289B27C5833281FDD773FE /* Pods-FollowMeUITests.debug.xcconfig */;
			buildSettings = {
				ALWAYS_EMBED_SWIFT_STANDARD_LIBRARIES = YES;
				DEVELOPMENT_TEAM = 5AF65X34YK;
				INFOPLIST_FILE = FollowMeUITests/Info.plist;
				LD_RUNPATH_SEARCH_PATHS = "$(inherited) @executable_path/Frameworks @loader_path/Frameworks";
				PRODUCT_BUNDLE_IDENTIFIER = Stepwise.FollowMeUITests;
				PRODUCT_NAME = "$(TARGET_NAME)";
				TEST_TARGET_NAME = FollowMe;
			};
			name = Debug;
		};
		4919E21D1EE5CB5A0022F44D /* Release */ = {
			isa = XCBuildConfiguration;
			baseConfigurationReference = 1D389D41A3C34E2300CEBD17 /* Pods-FollowMeUITests.release.xcconfig */;
			buildSettings = {
				ALWAYS_EMBED_SWIFT_STANDARD_LIBRARIES = YES;
				DEVELOPMENT_TEAM = 5AF65X34YK;
				INFOPLIST_FILE = FollowMeUITests/Info.plist;
				LD_RUNPATH_SEARCH_PATHS = "$(inherited) @executable_path/Frameworks @loader_path/Frameworks";
				PRODUCT_BUNDLE_IDENTIFIER = Stepwise.FollowMeUITests;
				PRODUCT_NAME = "$(TARGET_NAME)";
				TEST_TARGET_NAME = FollowMe;
			};
			name = Release;
		};
/* End XCBuildConfiguration section */

/* Begin XCConfigurationList section */
		4919E1E01EE5CB590022F44D /* Build configuration list for PBXProject "FollowMe" */ = {
			isa = XCConfigurationList;
			buildConfigurations = (
				4919E2131EE5CB5A0022F44D /* Debug */,
				4919E2141EE5CB5A0022F44D /* Release */,
			);
			defaultConfigurationIsVisible = 0;
			defaultConfigurationName = Release;
		};
		4919E2151EE5CB5A0022F44D /* Build configuration list for PBXNativeTarget "FollowMe" */ = {
			isa = XCConfigurationList;
			buildConfigurations = (
				4919E2161EE5CB5A0022F44D /* Debug */,
				4919E2171EE5CB5A0022F44D /* Release */,
			);
			defaultConfigurationIsVisible = 0;
			defaultConfigurationName = Release;
		};
		4919E2181EE5CB5A0022F44D /* Build configuration list for PBXNativeTarget "FollowMeTests" */ = {
			isa = XCConfigurationList;
			buildConfigurations = (
				4919E2191EE5CB5A0022F44D /* Debug */,
				4919E21A1EE5CB5A0022F44D /* Release */,
			);
			defaultConfigurationIsVisible = 0;
			defaultConfigurationName = Release;
		};
		4919E21B1EE5CB5A0022F44D /* Build configuration list for PBXNativeTarget "FollowMeUITests" */ = {
			isa = XCConfigurationList;
			buildConfigurations = (
				4919E21C1EE5CB5A0022F44D /* Debug */,
				4919E21D1EE5CB5A0022F44D /* Release */,
			);
			defaultConfigurationIsVisible = 0;
			defaultConfigurationName = Release;
		};
/* End XCConfigurationList section */

/* Begin XCVersionGroup section */
		4919E1F41EE5CB590022F44D /* FollowMe.xcdatamodeld */ = {
			isa = XCVersionGroup;
			children = (
				4919E1F51EE5CB590022F44D /* FollowMe.xcdatamodel */,
			);
			currentVersion = 4919E1F51EE5CB590022F44D /* FollowMe.xcdatamodel */;
			path = FollowMe.xcdatamodeld;
			sourceTree = "<group>";
			versionGroupType = wrapper.xcdatamodel;
		};
/* End XCVersionGroup section */
	};
	rootObject = 4919E1DD1EE5CB590022F44D /* Project object */;
}
